
Microsoft Visual Studio Solution File, Format Version 12.00
# Visual Studio 15
VisualStudioVersion = 15.0.27130.2010
MinimumVisualStudioVersion = 10.0.40219.1
Project("{FAE04EC0-301F-11D3-BF4B-00C04F79EFBC}") = "CarService", "CarService\CarService.csproj", "{02E2446C-4FA7-4382-B998-1254074B7AC3}"
EndProject
Project("{FAE04EC0-301F-11D3-BF4B-00C04F79EFBC}") = "CarWebApplication", "CarWebApplication\CarWebApplication.csproj", "{0A2B3D45-A1DE-4B8B-8AB7-17757C9CEA29}"
EndProject
Global
	GlobalSection(SolutionConfigurationPlatforms) = preSolution
		Debug|Any CPU = Debug|Any CPU
		Release|Any CPU = Release|Any CPU
	EndGlobalSection
	GlobalSection(ProjectConfigurationPlatforms) = postSolution
		{02E2446C-4FA7-4382-B998-1254074B7AC3}.Debug|Any CPU.ActiveCfg = Debug|Any CPU
		{02E2446C-4FA7-4382-B998-1254074B7AC3}.Debug|Any CPU.Build.0 = Debug|Any CPU
		{02E2446C-4FA7-4382-B998-1254074B7AC3}.Release|Any CPU.ActiveCfg = Release|Any CPU
		{02E2446C-4FA7-4382-B998-1254074B7AC3}.Release|Any CPU.Build.0 = Release|Any CPU
		{0A2B3D45-A1DE-4B8B-8AB7-17757C9CEA29}.Debug|Any CPU.ActiveCfg = Debug|Any CPU
		{0A2B3D45-A1DE-4B8B-8AB7-17757C9CEA29}.Debug|Any CPU.Build.0 = Debug|Any CPU
		{0A2B3D45-A1DE-4B8B-8AB7-17757C9CEA29}.Release|Any CPU.ActiveCfg = Release|Any CPU
		{0A2B3D45-A1DE-4B8B-8AB7-17757C9CEA29}.Release|Any CPU.Build.0 = Release|Any CPU
	EndGlobalSection
	GlobalSection(SolutionProperties) = preSolution
		HideSolutionNode = FALSE
	EndGlobalSection
	GlobalSection(ExtensibilityGlobals) = postSolution
		SolutionGuid = {02894CEF-E130-4802-B6F5-AAD2E989BD46}
	EndGlobalSection
EndGlobal
